
Microsoft Visual Studio Solution File, Format Version 12.00
Project("{FAE04EC0-301F-11D3-BF4B-00C04F79EFBC}") = "SharpAstrology.West.BlazorComponents", "SharpAstrology.West.BlazorComponents.csproj", "{50839129-1A8A-418B-AB67-561EA53344BF}"
EndProject
Global
	GlobalSection(SolutionConfigurationPlatforms) = preSolution
		Debug|Any CPU = Debug|Any CPU
		Release|Any CPU = Release|Any CPU
	EndGlobalSection
	GlobalSection(ProjectConfigurationPlatforms) = postSolution
		{50839129-1A8A-418B-AB67-561EA53344BF}.Debug|Any CPU.ActiveCfg = Debug|Any CPU
		{50839129-1A8A-418B-AB67-561EA53344BF}.Debug|Any CPU.Build.0 = Debug|Any CPU
		{50839129-1A8A-418B-AB67-561EA53344BF}.Release|Any CPU.ActiveCfg = Release|Any CPU
		{50839129-1A8A-418B-AB67-561EA53344BF}.Release|Any CPU.Build.0 = Release|Any CPU
	EndGlobalSection
EndGlobal
